github.com/google/uuid v1.6.0 h1:NIvaJDMOsjHA8n1jAhLSgzrAzy1Hgr+hNrb57e+94F0=
github.com/google/uuid v1.6.0/go.mod h1:TIyPZe4MgqvfeYDBFedMoGGpEw/LqOeaOT+nhxU+yHo=
github.com/paularlott/logger v0.3.0 h1:QwVUoxmlEFkfHI25y5dn56OJvK4Bpe3OvoJu4GZM7ng=
github.com/paularlott/logger v0.3.0/go.mod h1:vjAOY1vUvYigmJxxQ0eMclryIjDS6VWNK6FprtTMce0=
github.com/paularlott/mcp v0.6.2 h1:eRPh+E3hHNOiEr4In4D74v5qcWxNKaZRsJ9PyzYVoCg=
github.com/paularlott/mcp v0.6.2/go.mod h1:wlrwOiwE1L2jIS35Sb4Q1mVL96pj27sRnG2ZWjz7aD4=
golang.org/x/net v0.48.0 h1:zyQRTTrjc33Lhh0fBgT/H3oZq9WuvRR5gPC70xpDiQU=
golang.org/x/net v0.48.0/go.mod h1:+ndRgGjkh8FGtu1w1FGbEC31if4VrNVMuKTgcAAnQRY=
golang.org/x/oauth2 v0.34.0 h1:hqK/t4AKgbqWkdkcAeI8XLmbK+4m4G5YeQRrmiotGlw=
golang.org/x/oauth2 v0.34.0/go.mod h1:lzm5WQJQwKZ3nwavOZ3IS5Aulzxi68dUSgRHujetwEA=
golang.org/x/text v0.32.0 h1:ZD01bjUt1FQ9WJ0ClOL5vxgxOI/sVCNgX1YtKwcY0mU=
golang.org/x/text v0.32.0/go.mod h1:o/rUWzghvpD5TXrTIBuJU77MTaN0ljMWE47kxGJQ7jY=
